
Microsoft Visual Studio Solution File, Format Version 12.00
# Visual Studio Version 17
VisualStudioVersion = 17.6.33829.357
MinimumVisualStudioVersion = 10.0.40219.1
Project("{9A19103F-16F7-4668-BE54-9A1E7A4F7556}") = "!Music", "!Music.csproj", "{BB3B8D7D-18E2-4466-86E5-4FABA2A9F64A}"
EndProject
Project("{9A19103F-16F7-4668-BE54-9A1E7A4F7556}") = "Harmonizer", "..\Harmonizer\Harmonizer.csproj", "{5E99EDF6-C8C6-480E-825F-3A73117C6B8E}"
EndProject
Project("{9A19103F-16F7-4668-BE54-9A1E7A4F7556}") = "SimpleNotes", "..\SimpleNotes\SimpleNotes.csproj", "{25BCF380-4382-4E83-897E-8A6F47AB0411}"
EndProject
Project("{9A19103F-16F7-4668-BE54-9A1E7A4F7556}") = "Ext_Chords", "..\Ext_Chords\Ext_Chords.csproj", "{FF3D612F-031F-4104-8013-47F20BC68C8D}"
EndProject
Project("{9A19103F-16F7-4668-BE54-9A1E7A4F7556}") = "Tonalities2", "..\Tonalities2\Tonalities2.csproj", "{EA807DEE-7DD0-430B-A9C4-BE79F124086B}"
EndProject
Project("{9A19103F-16F7-4668-BE54-9A1E7A4F7556}") = "TwelvetoneSeria", "..\12toneSeria\TwelvetoneSeria.csproj", "{7D61471B-B1F1-47FC-9A5F-B16849D7600E}"
EndProject
Project("{FAE04EC0-301F-11D3-BF4B-00C04F79EFBC}") = "RandomTones", "..\RandomTones\RandomTones.csproj", "{650CD2E2-9A07-41CE-9235-8875A30DC437}"
EndProject
Project("{FAE04EC0-301F-11D3-BF4B-00C04F79EFBC}") = "MIDIfileEditor", "..\MIDIfileEditor\MIDIfileEditor.csproj", "{4E81D9AF-3782-4D0B-AB58-0DC6F7DC63DB}"
EndProject
Project("{FAE04EC0-301F-11D3-BF4B-00C04F79EFBC}") = "Melodies25", "..\..\..\..\ASP.NET\Melodies\Melodies25.csproj", "{FC28EE4B-C1FC-F8EF-9088-AEA07B575FCD}"
EndProject
Global
	GlobalSection(SolutionConfigurationPlatforms) = preSolution
		Debug|Any CPU = Debug|Any CPU
		Debug|x64 = Debug|x64
		Debug|x86 = Debug|x86
		Release|Any CPU = Release|Any CPU
		Release|x64 = Release|x64
		Release|x86 = Release|x86
	EndGlobalSection
	GlobalSection(ProjectConfigurationPlatforms) = postSolution
		{BB3B8D7D-18E2-4466-86E5-4FABA2A9F64A}.Debug|Any CPU.ActiveCfg = Debug|Any CPU
		{BB3B8D7D-18E2-4466-86E5-4FABA2A9F64A}.Debug|Any CPU.Build.0 = Debug|Any CPU
		{BB3B8D7D-18E2-4466-86E5-4FABA2A9F64A}.Debug|x64.ActiveCfg = Debug|Any CPU
		{BB3B8D7D-18E2-4466-86E5-4FABA2A9F64A}.Debug|x64.Build.0 = Debug|Any CPU
		{BB3B8D7D-18E2-4466-86E5-4FABA2A9F64A}.Debug|x86.ActiveCfg = Debug|Any CPU
		{BB3B8D7D-18E2-4466-86E5-4FABA2A9F64A}.Debug|x86.Build.0 = Debug|Any CPU
		{BB3B8D7D-18E2-4466-86E5-4FABA2A9F64A}.Release|Any CPU.ActiveCfg = Release|Any CPU
		{BB3B8D7D-18E2-4466-86E5-4FABA2A9F64A}.Release|Any CPU.Build.0 = Release|Any CPU
		{BB3B8D7D-18E2-4466-86E5-4FABA2A9F64A}.Release|x64.ActiveCfg = Release|Any CPU
		{BB3B8D7D-18E2-4466-86E5-4FABA2A9F64A}.Release|x64.Build.0 = Release|Any CPU
		{BB3B8D7D-18E2-4466-86E5-4FABA2A9F64A}.Release|x86.ActiveCfg = Release|Any CPU
		{BB3B8D7D-18E2-4466-86E5-4FABA2A9F64A}.Release|x86.Build.0 = Release|Any CPU
		{5E99EDF6-C8C6-480E-825F-3A73117C6B8E}.Debug|Any CPU.ActiveCfg = Debug|Any CPU
		{5E99EDF6-C8C6-480E-825F-3A73117C6B8E}.Debug|Any CPU.Build.0 = Debug|Any CPU
		{5E99EDF6-C8C6-480E-825F-3A73117C6B8E}.Debug|x64.ActiveCfg = Debug|Any CPU
		{5E99EDF6-C8C6-480E-825F-3A73117C6B8E}.Debug|x64.Build.0 = Debug|Any CPU
		{5E99EDF6-C8C6-480E-825F-3A73117C6B8E}.Debug|x86.ActiveCfg = Debug|Any CPU
		{5E99EDF6-C8C6-480E-825F-3A73117C6B8E}.Debug|x86.Build.0 = Debug|Any CPU
		{5E99EDF6-C8C6-480E-825F-3A73117C6B8E}.Release|Any CPU.ActiveCfg = Release|Any CPU
		{5E99EDF6-C8C6-480E-825F-3A73117C6B8E}.Release|Any CPU.Build.0 = Release|Any CPU
		{5E99EDF6-C8C6-480E-825F-3A73117C6B8E}.Release|x64.ActiveCfg = Release|Any CPU
		{5E99EDF6-C8C6-480E-825F-3A73117C6B8E}.Release|x64.Build.0 = Release|Any CPU
		{5E99EDF6-C8C6-480E-825F-3A73117C6B8E}.Release|x86.ActiveCfg = Release|Any CPU
		{5E99EDF6-C8C6-480E-825F-3A73117C6B8E}.Release|x86.Build.0 = Release|Any CPU
		{25BCF380-4382-4E83-897E-8A6F47AB0411}.Debug|Any CPU.ActiveCfg = Debug|Any CPU
		{25BCF380-4382-4E83-897E-8A6F47AB0411}.Debug|Any CPU.Build.0 = Debug|Any CPU
		{25BCF380-4382-4E83-897E-8A6F47AB0411}.Debug|x64.ActiveCfg = Debug|Any CPU
		{25BCF380-4382-4E83-897E-8A6F47AB0411}.Debug|x64.Build.0 = Debug|Any CPU
		{25BCF380-4382-4E83-897E-8A6F47AB0411}.Debug|x86.ActiveCfg = Debug|Any CPU
		{25BCF380-4382-4E83-897E-8A6F47AB0411}.Debug|x86.Build.0 = Debug|Any CPU
		{25BCF380-4382-4E83-897E-8A6F47AB0411}.Release|Any CPU.ActiveCfg = Release|Any CPU
		{25BCF380-4382-4E83-897E-8A6F47AB0411}.Release|Any CPU.Build.0 = Release|Any CPU
		{25BCF380-4382-4E83-897E-8A6F47AB0411}.Release|x64.ActiveCfg = Release|Any CPU
		{25BCF380-4382-4E83-897E-8A6F47AB0411}.Release|x64.Build.0 = Release|Any CPU
		{25BCF380-4382-4E83-897E-8A6F47AB0411}.Release|x86.ActiveCfg = Release|Any CPU
		{25BCF380-4382-4E83-897E-8A6F47AB0411}.Release|x86.Build.0 = Release|Any CPU
		{FF3D612F-031F-4104-8013-47F20BC68C8D}.Debug|Any CPU.ActiveCfg = Debug|Any CPU
		{FF3D612F-031F-4104-8013-47F20BC68C8D}.Debug|Any CPU.Build.0 = Debug|Any CPU
		{FF3D612F-031F-4104-8013-47F20BC68C8D}.Debug|x64.ActiveCfg = Debug|Any CPU
		{FF3D612F-031F-4104-8013-47F20BC68C8D}.Debug|x64.Build.0 = Debug|Any CPU
		{FF3D612F-031F-4104-8013-47F20BC68C8D}.Debug|x86.ActiveCfg = Debug|Any CPU
		{FF3D612F-031F-4104-8013-47F20BC68C8D}.Debug|x86.Build.0 = Debug|Any CPU
		{FF3D612F-031F-4104-8013-47F20BC68C8D}.Release|Any CPU.ActiveCfg = Release|Any CPU
		{FF3D612F-031F-4104-8013-47F20BC68C8D}.Release|Any CPU.Build.0 = Release|Any CPU
		{FF3D612F-031F-4104-8013-47F20BC68C8D}.Release|x64.ActiveCfg = Release|Any CPU
		{FF3D612F-031F-4104-8013-47F20BC68C8D}.Release|x64.Build.0 = Release|Any CPU
		{FF3D612F-031F-4104-8013-47F20BC68C8D}.Release|x86.ActiveCfg = Release|Any CPU
		{FF3D612F-031F-4104-8013-47F20BC68C8D}.Release|x86.Build.0 = Release|Any CPU
		{EA807DEE-7DD0-430B-A9C4-BE79F124086B}.Debug|Any CPU.ActiveCfg = Debug|Any CPU
		{EA807DEE-7DD0-430B-A9C4-BE79F124086B}.Debug|Any CPU.Build.0 = Debug|Any CPU
		{EA807DEE-7DD0-430B-A9C4-BE79F124086B}.Debug|x64.ActiveCfg = Debug|Any CPU
		{EA807DEE-7DD0-430B-A9C4-BE79F124086B}.Debug|x64.Build.0 = Debug|Any CPU
		{EA807DEE-7DD0-430B-A9C4-BE79F124086B}.Debug|x86.ActiveCfg = Debug|Any CPU
		{EA807DEE-7DD0-430B-A9C4-BE79F124086B}.Debug|x86.Build.0 = Debug|Any CPU
		{EA807DEE-7DD0-430B-A9C4-BE79F124086B}.Release|Any CPU.ActiveCfg = Release|Any CPU
		{EA807DEE-7DD0-430B-A9C4-BE79F124086B}.Release|Any CPU.Build.0 = Release|Any CPU
		{EA807DEE-7DD0-430B-A9C4-BE79F124086B}.Release|x64.ActiveCfg = Release|Any CPU
		{EA807DEE-7DD0-430B-A9C4-BE79F124086B}.Release|x64.Build.0 = Release|Any CPU
		{EA807DEE-7DD0-430B-A9C4-BE79F124086B}.Release|x86.ActiveCfg = Release|Any CPU
		{EA807DEE-7DD0-430B-A9C4-BE79F124086B}.Release|x86.Build.0 = Release|Any CPU
		{7D61471B-B1F1-47FC-9A5F-B16849D7600E}.Debug|Any CPU.ActiveCfg = Debug|Any CPU
		{7D61471B-B1F1-47FC-9A5F-B16849D7600E}.Debug|Any CPU.Build.0 = Debug|Any CPU
		{7D61471B-B1F1-47FC-9A5F-B16849D7600E}.Debug|x64.ActiveCfg = Debug|Any CPU
		{7D61471B-B1F1-47FC-9A5F-B16849D7600E}.Debug|x64.Build.0 = Debug|Any CPU
		{7D61471B-B1F1-47FC-9A5F-B16849D7600E}.Debug|x86.ActiveCfg = Debug|Any CPU
		{7D61471B-B1F1-47FC-9A5F-B16849D7600E}.Debug|x86.Build.0 = Debug|Any CPU
		{7D61471B-B1F1-47FC-9A5F-B16849D7600E}.Release|Any CPU.ActiveCfg = Release|Any CPU
		{7D61471B-B1F1-47FC-9A5F-B16849D7600E}.Release|Any CPU.Build.0 = Release|Any CPU
		{7D61471B-B1F1-47FC-9A5F-B16849D7600E}.Release|x64.ActiveCfg = Release|Any CPU
		{7D61471B-B1F1-47FC-9A5F-B16849D7600E}.Release|x64.Build.0 = Release|Any CPU
		{7D61471B-B1F1-47FC-9A5F-B16849D7600E}.Release|x86.ActiveCfg = Release|Any CPU
		{7D61471B-B1F1-47FC-9A5F-B16849D7600E}.Release|x86.Build.0 = Release|Any CPU
		{650CD2E2-9A07-41CE-9235-8875A30DC437}.Debug|Any CPU.ActiveCfg = Debug|Any CPU
		{650CD2E2-9A07-41CE-9235-8875A30DC437}.Debug|Any CPU.Build.0 = Debug|Any CPU
		{650CD2E2-9A07-41CE-9235-8875A30DC437}.Debug|x64.ActiveCfg = Debug|Any CPU
		{650CD2E2-9A07-41CE-9235-8875A30DC437}.Debug|x64.Build.0 = Debug|Any CPU
		{650CD2E2-9A07-41CE-9235-8875A30DC437}.Debug|x86.ActiveCfg = Debug|Any CPU
		{650CD2E2-9A07-41CE-9235-8875A30DC437}.Debug|x86.Build.0 = Debug|Any CPU
		{650CD2E2-9A07-41CE-9235-8875A30DC437}.Release|Any CPU.ActiveCfg = Release|Any CPU
		{650CD2E2-9A07-41CE-9235-8875A30DC437}.Release|Any CPU.Build.0 = Release|Any CPU
		{650CD2E2-9A07-41CE-9235-8875A30DC437}.Release|x64.ActiveCfg = Release|Any CPU
		{650CD2E2-9A07-41CE-9235-8875A30DC437}.Release|x64.Build.0 = Release|Any CPU
		{650CD2E2-9A07-41CE-9235-8875A30DC437}.Release|x86.ActiveCfg = Release|Any CPU
		{650CD2E2-9A07-41CE-9235-8875A30DC437}.Release|x86.Build.0 = Release|Any CPU
		{4E81D9AF-3782-4D0B-AB58-0DC6F7DC63DB}.Debug|Any CPU.ActiveCfg = Debug|Any CPU
		{4E81D9AF-3782-4D0B-AB58-0DC6F7DC63DB}.Debug|Any CPU.Build.0 = Debug|Any CPU
		{4E81D9AF-3782-4D0B-AB58-0DC6F7DC63DB}.Debug|x64.ActiveCfg = Debug|Any CPU
		{4E81D9AF-3782-4D0B-AB58-0DC6F7DC63DB}.Debug|x64.Build.0 = Debug|Any CPU
		{4E81D9AF-3782-4D0B-AB58-0DC6F7DC63DB}.Debug|x86.ActiveCfg = Debug|Any CPU
		{4E81D9AF-3782-4D0B-AB58-0DC6F7DC63DB}.Debug|x86.Build.0 = Debug|Any CPU
		{4E81D9AF-3782-4D0B-AB58-0DC6F7DC63DB}.Release|Any CPU.ActiveCfg = Release|Any CPU
		{4E81D9AF-3782-4D0B-AB58-0DC6F7DC63DB}.Release|Any CPU.Build.0 = Release|Any CPU
		{4E81D9AF-3782-4D0B-AB58-0DC6F7DC63DB}.Release|x64.ActiveCfg = Release|Any CPU
		{4E81D9AF-3782-4D0B-AB58-0DC6F7DC63DB}.Release|x64.Build.0 = Release|Any CPU
		{4E81D9AF-3782-4D0B-AB58-0DC6F7DC63DB}.Release|x86.ActiveCfg = Release|Any CPU
		{4E81D9AF-3782-4D0B-AB58-0DC6F7DC63DB}.Release|x86.Build.0 = Release|Any CPU
		{FC28EE4B-C1FC-F8EF-9088-AEA07B575FCD}.Debug|Any CPU.ActiveCfg = Debug|Any CPU
		{FC28EE4B-C1FC-F8EF-9088-AEA07B575FCD}.Debug|Any CPU.Build.0 = Debug|Any CPU
		{FC28EE4B-C1FC-F8EF-9088-AEA07B575FCD}.Debug|x64.ActiveCfg = Debug|Any CPU
		{FC28EE4B-C1FC-F8EF-9088-AEA07B575FCD}.Debug|x64.Build.0 = Debug|Any CPU
		{FC28EE4B-C1FC-F8EF-9088-AEA07B575FCD}.Debug|x86.ActiveCfg = Debug|Any CPU
		{FC28EE4B-C1FC-F8EF-9088-AEA07B575FCD}.Debug|x86.Build.0 = Debug|Any CPU
		{FC28EE4B-C1FC-F8EF-9088-AEA07B575FCD}.Release|Any CPU.ActiveCfg = Release|Any CPU
		{FC28EE4B-C1FC-F8EF-9088-AEA07B575FCD}.Release|Any CPU.Build.0 = Release|Any CPU
		{FC28EE4B-C1FC-F8EF-9088-AEA07B575FCD}.Release|x64.ActiveCfg = Release|Any CPU
		{FC28EE4B-C1FC-F8EF-9088-AEA07B575FCD}.Release|x64.Build.0 = Release|Any CPU
		{FC28EE4B-C1FC-F8EF-9088-AEA07B575FCD}.Release|x86.ActiveCfg = Release|Any CPU
		{FC28EE4B-C1FC-F8EF-9088-AEA07B575FCD}.Release|x86.Build.0 = Release|Any CPU
	EndGlobalSection
	GlobalSection(SolutionProperties) = preSolution
		HideSolutionNode = FALSE
	EndGlobalSection
	GlobalSection(ExtensibilityGlobals) = postSolution
		SolutionGuid = {D06A2AB4-DC26-4708-BC24-62D808789ABE}
	EndGlobalSection
EndGlobal
